
Microsoft Visual Studio Solution File, Format Version 12.00
# Visual Studio Version 17
VisualStudioVersion = 17.9.34902.65
MinimumVisualStudioVersion = 10.0.40219.1
Project("{FAE04EC0-301F-11D3-BF4B-00C04F79EFBC}") = "OnlineShoppingReactAndAsp.netCore.Server", "OnlineShoppingReactAndAsp.netCore.Server\OnlineShoppingReactAndAsp.netCore.Server.csproj", "{2740C298-5B2C-40FD-9D89-7A7A670E5866}"
EndProject
Project("{54A90642-561A-4BB1-A94E-469ADEE60C69}") = "onlineshoppingreactandasp.netcore.client", "onlineshoppingreactandasp.netcore.client\onlineshoppingreactandasp.netcore.client.esproj", "{E6C17949-7E23-45F0-80AF-44EB4B554EDF}"
EndProject
Global
	GlobalSection(SolutionConfigurationPlatforms) = preSolution
		Debug|Any CPU = Debug|Any CPU
		Release|Any CPU = Release|Any CPU
	EndGlobalSection
	GlobalSection(ProjectConfigurationPlatforms) = postSolution
		{2740C298-5B2C-40FD-9D89-7A7A670E5866}.Debug|Any CPU.ActiveCfg = Debug|Any CPU
		{2740C298-5B2C-40FD-9D89-7A7A670E5866}.Debug|Any CPU.Build.0 = Debug|Any CPU
		{2740C298-5B2C-40FD-9D89-7A7A670E5866}.Release|Any CPU.ActiveCfg = Release|Any CPU
		{2740C298-5B2C-40FD-9D89-7A7A670E5866}.Release|Any CPU.Build.0 = Release|Any CPU
		{E6C17949-7E23-45F0-80AF-44EB4B554EDF}.Debug|Any CPU.ActiveCfg = Debug|Any CPU
		{E6C17949-7E23-45F0-80AF-44EB4B554EDF}.Debug|Any CPU.Build.0 = Debug|Any CPU
		{E6C17949-7E23-45F0-80AF-44EB4B554EDF}.Debug|Any CPU.Deploy.0 = Debug|Any CPU
		{E6C17949-7E23-45F0-80AF-44EB4B554EDF}.Release|Any CPU.ActiveCfg = Release|Any CPU
		{E6C17949-7E23-45F0-80AF-44EB4B554EDF}.Release|Any CPU.Build.0 = Release|Any CPU
		{E6C17949-7E23-45F0-80AF-44EB4B554EDF}.Release|Any CPU.Deploy.0 = Release|Any CPU
	EndGlobalSection
	GlobalSection(SolutionProperties) = preSolution
		HideSolutionNode = FALSE
	EndGlobalSection
	GlobalSection(ExtensibilityGlobals) = postSolution
		SolutionGuid = {69E2573A-7761-4FC1-AF0D-76F6D753647B}
	EndGlobalSection
EndGlobal
